
Microsoft Visual Studio Solution File, Format Version 12.00
Project("{FAE04EC0-301F-11D3-BF4B-00C04F79EFBC}") = "MedApp", "MedApp\MedApp.csproj", "{C28164A0-19A0-4BD0-B1E2-FC66F64914B9}"
EndProject
Global
	GlobalSection(SolutionConfigurationPlatforms) = preSolution
		Debug|Any CPU = Debug|Any CPU
		Release|Any CPU = Release|Any CPU
	EndGlobalSection
	GlobalSection(ProjectConfigurationPlatforms) = postSolution
		{C28164A0-19A0-4BD0-B1E2-FC66F64914B9}.Debug|Any CPU.ActiveCfg = Debug|Any CPU
		{C28164A0-19A0-4BD0-B1E2-FC66F64914B9}.Debug|Any CPU.Build.0 = Debug|Any CPU
		{C28164A0-19A0-4BD0-B1E2-FC66F64914B9}.Release|Any CPU.ActiveCfg = Release|Any CPU
		{C28164A0-19A0-4BD0-B1E2-FC66F64914B9}.Release|Any CPU.Build.0 = Release|Any CPU
	EndGlobalSection
EndGlobal
